// !$*UTF8*$!
{
	archiveVersion = 1;
	classes = {
	};
	objectVersion = 50;
	objects = {

/* Begin PBXBuildFile section */
		DB26689321AC7D1300D7968B /* AppDelegate.swift in Sources */ = {isa = PBXBuildFile; fileRef = DB26689221AC7D1300D7968B /* AppDelegate.swift */; };
		DB26689521AC7D1300D7968B /* ViewController.swift in Sources */ = {isa = PBXBuildFile; fileRef = DB26689421AC7D1300D7968B /* ViewController.swift */; };
		DB26689821AC7D1300D7968B /* Main.storyboard in Resources */ = {isa = PBXBuildFile; fileRef = DB26689621AC7D1300D7968B /* Main.storyboard */; };
		DB26689A21AC7D1800D7968B /* Assets.xcassets in Resources */ = {isa = PBXBuildFile; fileRef = DB26689921AC7D1800D7968B /* Assets.xcassets */; };
		DB26689D21AC7D1800D7968B /* LaunchScreen.storyboard in Resources */ = {isa = PBXBuildFile; fileRef = DB26689B21AC7D1800D7968B /* LaunchScreen.storyboard */; };
/* End PBXBuildFile section */

/* Begin PBXFileReference section */
		DB26688F21AC7D1300D7968B /* DataReadingProject.app */ = {isa = PBXFileReference; explicitFileType = wrapper.application; includeInIndex = 0; path = DataReadingProject.app; sourceTree = BUILT_PRODUCTS_DIR; };
		DB26689221AC7D1300D7968B /* AppDelegate.swift */ = {isa = PBXFileReference; lastKnownFileType = sourcecode.swift; path = AppDelegate.swift; sourceTree = "<group>"; };
		DB26689421AC7D1300D7968B /* ViewController.swift */ = {isa = PBXFileReference; lastKnownFileType = sourcecode.swift; path = ViewController.swift; sourceTree = "<group>"; };
		DB26689721AC7D1300D7968B /* Base */ = {isa = PBXFileReference; lastKnownFileType = file.storyboard; name = Base; path = Base.lproj/Main.storyboard; sourceTree = "<group>"; };
		DB26689921AC7D1800D7968B /* Assets.xcassets */ = {isa = PBXFileReference; lastKnownFileType = folder.assetcatalog; path = Assets.xcassets; sourceTree = "<group>"; };
		DB26689C21AC7D1800D7968B /* Base */ = {isa = PBXFileReference; lastKnownFileType = file.storyboard; name = Base; path = Base.lproj/LaunchScreen.storyboard; sourceTree = "<group>"; };
		DB26689E21AC7D1800D7968B /* Info.plist */ = {isa = PBXFileReference; lastKnownFileType = text.plist.xml; path = Info.plist; sourceTree = "<group>"; };
/* End PBXFileReference section */

/* Begin PBXFrameworksBuildPhase section */
		DB26688C21AC7D1300D7968B /* Frameworks */ = {
			isa = PBXFrameworksBuildPhase;
			buildActionMask = 2147483647;
			files = (
			);
			runOnlyForDeploymentPostprocessing = 0;
		};
/* End PBXFrameworksBuildPhase section */

/* Begin PBXGroup section */
		DB26688621AC7D1300D7968B = {
			isa = PBXGroup;
			children = (
				DB26689121AC7D1300D7968B /* DataReadingProject */,
				DB26689021AC7D1300D7968B /* Products */,
			);
			sourceTree = "<group>";
		};
		DB26689021AC7D1300D7968B /* Products */ = {
			isa = PBXGroup;
			children = (
				DB26688F21AC7D1300D7968B /* DataReadingProject.app */,
			);
			name = Products;
			sourceTree = "<group>";
		};
		DB26689121AC7D1300D7968B /* DataReadingProject */ = {
			isa = PBXGroup;
			children = (
				DB2668A621AC7D3F00D7968B /* View */,
				DB2668A721AC7D4900D7968B /* Controller */,
				DB2668A421AC7D2200D7968B /* Resources */,
			);
			path = DataReadingProject;
			sourceTree = "<group>";
		};
		DB2668A421AC7D2200D7968B /* Resources */ = {
			isa = PBXGroup;
			children = (
				DB26689921AC7D1800D7968B /* Assets.xcassets */,
				DB26689E21AC7D1800D7968B /* Info.plist */,
				DB26689221AC7D1300D7968B /* AppDelegate.swift */,
			);
			path = Resources;
			sourceTree = "<group>";
		};
		DB2668A621AC7D3F00D7968B /* View */ = {
			isa = PBXGroup;
			children = (
				DB26689621AC7D1300D7968B /* Main.storyboard */,
				DB26689B21AC7D1800D7968B /* LaunchScreen.storyboard */,
			);
			path = View;
			sourceTree = "<group>";
		};
		DB2668A721AC7D4900D7968B /* Controller */ = {
			isa = PBXGroup;
			children = (
				DB26689421AC7D1300D7968B /* ViewController.swift */,
			);
			path = Controller;
			sourceTree = "<group>";
		};
/* End PBXGroup section */

/* Begin PBXNativeTarget section */
		DB26688E21AC7D1300D7968B /* DataReadingProject */ = {
			isa = PBXNativeTarget;
			buildConfigurationList = DB2668A121AC7D1800D7968B /* Build configuration list for PBXNativeTarget "DataReadingProject" */;
			buildPhases = (
				DB26688B21AC7D1300D7968B /* Sources */,
				DB26688C21AC7D1300D7968B /* Frameworks */,
				DB26688D21AC7D1300D7968B /* Resources */,
			);
			buildRules = (
			);
			dependencies = (
			);
			name = DataReadingProject;
			productName = DataReadingProject;
			productReference = DB26688F21AC7D1300D7968B /* DataReadingProject.app */;
			productType = "com.apple.product-type.application";
		};
/* End PBXNativeTarget section */

/* Begin PBXProject section */
		DB26688721AC7D1300D7968B /* Project object */ = {
			isa = PBXProject;
			attributes = {
				LastSwiftUpdateCheck = 0940;
				LastUpgradeCheck = 0940;
				ORGANIZATIONNAME = CTEC;
				TargetAttributes = {
					DB26688E21AC7D1300D7968B = {
						CreatedOnToolsVersion = 9.4.1;
					};
				};
			};
			buildConfigurationList = DB26688A21AC7D1300D7968B /* Build configuration list for PBXProject "DataReadingProject" */;
			compatibilityVersion = "Xcode 9.3";
			developmentRegion = en;
			hasScannedForEncodings = 0;
			knownRegions = (
				en,
				Base,
			);
			mainGroup = DB26688621AC7D1300D7968B;
			productRefGroup = DB26689021AC7D1300D7968B /* Products */;
			projectDirPath = "";
			projectRoot = "";
			targets = (
				DB26688E21AC7D1300D7968B /* DataReadingProject */,
			);
		};
/* End PBXProject section */

/* Begin PBXResourcesBuildPhase section */
		DB26688D21AC7D1300D7968B /* Resources */ = {
			isa = PBXResourcesBuildPhase;
			buildActionMask = 2147483647;
			files = (
				DB26689D21AC7D1800D7968B /* LaunchScreen.storyboard in Resources */,
				DB26689A21AC7D1800D7968B /* Assets.xcassets in Resources */,
				DB26689821AC7D1300D7968B /* Main.storyboard in Resources */,
			);
			runOnlyForDeploymentPostprocessing = 0;
		};
/* End PBXResourcesBuildPhase section */

/* Begin PBXSourcesBuildPhase section */
		DB26688B21AC7D1300D7968B /* Sources */ = {
			isa = PBXSourcesBuildPhase;
			buildActionMask = 2147483647;
			files = (
				DB26689521AC7D1300D7968B /* ViewController.swift in Sources */,
				DB26689321AC7D1300D7968B /* AppDelegate.swift in Sources */,
			);
			runOnlyForDeploymentPostprocessing = 0;
		};
/* End PBXSourcesBuildPhase section */

/* Begin PBXVariantGroup section */
		DB26689621AC7D1300D7968B /* Main.storyboard */ = {
			isa = PBXVariantGroup;
			children = (
				DB26689721AC7D1300D7968B /* Base */,
			);
			name = Main.storyboard;
			sourceTree = "<group>";
		};
		DB26689B21AC7D1800D7968B /* LaunchScreen.storyboard */ = {
			isa = PBXVariantGroup;
			children = (
				DB26689C21AC7D1800D7968B /* Base */,
			);
			name = LaunchScreen.storyboard;
			sourceTree = "<group>";
		};
/* End PBXVariantGroup section */

/* Begin XCBuildConfiguration section */
		DB26689F21AC7D1800D7968B /* Debug */ = {
			isa = XCBuildConfiguration;
			buildSettings = {
				ALWAYS_SEARCH_USER_PATHS = NO;
				CLANG_ANALYZER_NONNULL = YES;
				CLANG_ANALYZER_NUMBER_OBJECT_CONVERSION = YES_AGGRESSIVE;
				CLANG_CXX_LANGUAGE_STANDARD = "gnu++14";
				CLANG_CXX_LIBRARY = "libc++";
				CLANG_ENABLE_MODULES = YES;
				CLANG_ENABLE_OBJC_ARC = YES;
				CLANG_ENABLE_OBJC_WEAK = YES;
				CLANG_WARN_BLOCK_CAPTURE_AUTORELEASING = YES;
				CLANG_WARN_BOOL_CONVERSION = YES;
				CLANG_WARN_COMMA = YES;
				CLANG_WARN_CONSTANT_CONVERSION = YES;
				CLANG_WARN_DEPRECATED_OBJC_IMPLEMENTATIONS = YES;
				CLANG_WARN_DIRECT_OBJC_ISA_USAGE = YES_ERROR;
				CLANG_WARN_DOCUMENTATION_COMMENTS = YES;
				CLANG_WARN_EMPTY_BODY = YES;
				CLANG_WARN_ENUM_CONVERSION = YES;
				CLANG_WARN_INFINITE_RECURSION = YES;
				CLANG_WARN_INT_CONVERSION = YES;
				CLANG_WARN_NON_LITERAL_NULL_CONVERSION = YES;
				CLANG_WARN_OBJC_IMPLICIT_RETAIN_SELF = YES;
				CLANG_WARN_OBJC_LITERAL_CONVERSION = YES;
				CLANG_WARN_OBJC_ROOT_CLASS = YES_ERROR;
				CLANG_WARN_RANGE_LOOP_ANALYSIS = YES;
				CLANG_WARN_STRICT_PROTOTYPES = YES;
				CLANG_WARN_SUSPICIOUS_MOVE = YES;
				CLANG_WARN_UNGUARDED_AVAILABILITY = YES_AGGRESSIVE;
				CLANG_WARN_UNREACHABLE_CODE = YES;
				CLANG_WARN__DUPLICATE_METHOD_MATCH = YES;
				CODE_SIGN_IDENTITY = "iPhone Developer";
				COPY_PHASE_STRIP = NO;
				DEBUG_INFORMATION_FORMAT = dwarf;
				ENABLE_STRICT_OBJC_MSGSEND = YES;
				ENABLE_TESTABILITY = YES;
				GCC_C_LANGUAGE_STANDARD = gnu11;
				GCC_DYNAMIC_NO_PIC = NO;
				GCC_NO_COMMON_BLOCKS = YES;
				GCC_OPTIMIZATION_LEVEL = 0;
				GCC_PREPROCESSOR_DEFINITIONS = (
					"DEBUG=1",
					"$(inherited)",
				);
				GCC_WARN_64_TO_32_BIT_CONVERSION = YES;
				GCC_WARN_ABOUT_RETURN_TYPE = YES_ERROR;
				GCC_WARN_UNDECLARED_SELECTOR = YES;
				GCC_WARN_UNINITIALIZED_AUTOS = YES_AGGRESSIVE;
				GCC_WARN_UNUSED_FUNCTION = YES;
				GCC_WARN_UNUSED_VARIABLE = YES;
				IPHONEOS_DEPLOYMENT_TARGET = 11.4;
				MTL_ENABLE_DEBUG_INFO = YES;
				ONLY_ACTIVE_ARCH = YES;
				SDKROOT = iphoneos;
				SWIFT_ACTIVE_COMPILATION_CONDITIONS = DEBUG;
				SWIFT_OPTIMIZATION_LEVEL = "-Onone";
			};
			name = Debug;
		};
		DB2668A021AC7D1800D7968B /* Release */ = {
			isa = XCBuildConfiguration;
			buildSettings = {
				ALWAYS_SEARCH_USER_PATHS = NO;
				CLANG_ANALYZER_NONNULL = YES;
				CLANG_ANALYZER_NUMBER_OBJECT_CONVERSION = YES_AGGRESSIVE;
				CLANG_CXX_LANGUAGE_STANDARD = "gnu++14";
				CLANG_CXX_LIBRARY = "libc++";
				CLANG_ENABLE_MODULES = YES;
				CLANG_ENABLE_OBJC_ARC = YES;
				CLANG_ENABLE_OBJC_WEAK = YES;
				CLANG_WARN_BLOCK_CAPTURE_AUTORELEASING = YES;
				CLANG_WARN_BOOL_CONVERSION = YES;
				CLANG_WARN_COMMA = YES;
				CLANG_WARN_CONSTANT_CONVERSION = YES;
				CLANG_WARN_DEPRECATED_OBJC_IMPLEMENTATIONS = YES;
				CLANG_WARN_DIRECT_OBJC_ISA_USAGE = YES_ERROR;
				CLANG_WARN_DOCUMENTATION_COMMENTS = YES;
				CLANG_WARN_EMPTY_BODY = YES;
				CLANG_WARN_ENUM_CONVERSION = YES;
				CLANG_WARN_INFINITE_RECURSION = YES;
				CLANG_WARN_INT_CONVERSION = YES;
				CLANG_WARN_NON_LITERAL_NULL_CONVERSION = YES;
				CLANG_WARN_OBJC_IMPLICIT_RETAIN_SELF = YES;
				CLANG_WARN_OBJC_LITERAL_CONVERSION = YES;
				CLANG_WARN_OBJC_ROOT_CLASS = YES_ERROR;
				CLANG_WARN_RANGE_LOOP_ANALYSIS = YES;
				CLANG_WARN_STRICT_PROTOTYPES = YES;
				CLANG_WARN_SUSPICIOUS_MOVE = YES;
				CLANG_WARN_UNGUARDED_AVAILABILITY = YES_AGGRESSIVE;
				CLANG_WARN_UNREACHABLE_CODE = YES;
				CLANG_WARN__DUPLICATE_METHOD_MATCH = YES;
				CODE_SIGN_IDENTITY = "iPhone Developer";
				COPY_PHASE_STRIP = NO;
				DEBUG_INFORMATION_FORMAT = "dwarf-with-dsym";
				ENABLE_NS_ASSERTIONS = NO;
				ENABLE_STRICT_OBJC_MSGSEND = YES;
				GCC_C_LANGUAGE_STANDARD = gnu11;
				GCC_NO_COMMON_BLOCKS = YES;
				GCC_WARN_64_TO_32_BIT_CONVERSION = YES;
				GCC_WARN_ABOUT_RETURN_TYPE = YES_ERROR;
				GCC_WARN_UNDECLARED_SELECTOR = YES;
				GCC_WARN_UNINITIALIZED_AUTOS = YES_AGGRESSIVE;
				GCC_WARN_UNUSED_FUNCTION = YES;
				GCC_WARN_UNUSED_VARIABLE = YES;
				IPHONEOS_DEPLOYMENT_TARGET = 11.4;
				MTL_ENABLE_DEBUG_INFO = NO;
				SDKROOT = iphoneos;
				SWIFT_COMPILATION_MODE = wholemodule;
				SWIFT_OPTIMIZATION_LEVEL = "-O";
				VALIDATE_PRODUCT = YES;
			};
			name = Release;
		};
		DB2668A221AC7D1800D7968B /* Debug */ = {
			isa = XCBuildConfiguration;
			buildSettings = {
				ASSETCATALOG_COMPILER_APPICON_NAME = AppIcon;
				CODE_SIGN_STYLE = Automatic;
				INFOPLIST_FILE = "$(SRCROOT)/DataReadingProject/Resources/Info.plist";
				LD_RUNPATH_SEARCH_PATHS = (
					"$(inherited)",
					"@executable_path/Frameworks",
				);
				PRODUCT_BUNDLE_IDENTIFIER = CTEC.DataReadingProject;
				PRODUCT_NAME = "$(TARGET_NAME)";
				SWIFT_VERSION = 4.0;
				TARGETED_DEVICE_FAMILY = "1,2";
			};
			name = Debug;
		};
		DB2668A321AC7D1800D7968B /* Release */ = {
			isa = XCBuildConfiguration;
			buildSettings = {
				ASSETCATALOG_COMPILER_APPICON_NAME = AppIcon;
				CODE_SIGN_STYLE = Automatic;
				INFOPLIST_FILE = "$(SRCROOT)/DataReadingProject/Resources/Info.plist";
				LD_RUNPATH_SEARCH_PATHS = (
					"$(inherited)",
					"@executable_path/Frameworks",
				);
				PRODUCT_BUNDLE_IDENTIFIER = CTEC.DataReadingProject;
				PRODUCT_NAME = "$(TARGET_NAME)";
				SWIFT_VERSION = 4.0;
				TARGETED_DEVICE_FAMILY = "1,2";
			};
			name = Release;
		};
/* End XCBuildConfiguration section */

/* Begin XCConfigurationList section */
		DB26688A21AC7D1300D7968B /* Build configuration list for PBXProject "DataReadingProject" */ = {
			isa = XCConfigurationList;
			buildConfigurations = (
				DB26689F21AC7D1800D7968B /* Debug */,
				DB2668A021AC7D1800D7968B /* Release */,
			);
			defaultConfigurationIsVisible = 0;
			defaultConfigurationName = Release;
		};
		DB2668A121AC7D1800D7968B /* Build configuration list for PBXNativeTarget "DataReadingProject" */ = {
			isa = XCConfigurationList;
			buildConfigurations = (
				DB2668A221AC7D1800D7968B /* Debug */,
				DB2668A321AC7D1800D7968B /* Release */,
			);
			defaultConfigurationIsVisible = 0;
			defaultConfigurationName = Release;
		};
/* End XCConfigurationList section */
	};
	rootObject = DB26688721AC7D1300D7968B /* Project object */;
}
